
Microsoft Visual Studio Solution File, Format Version 12.00
# Visual Studio 14
VisualStudioVersion = 14.0.25420.1
MinimumVisualStudioVersion = 10.0.40219.1
Project("{FAE04EC0-301F-11D3-BF4B-00C04F79EFBC}") = "MKGo", "MKGo\MKGo\MKGo.csproj", "{33802C7A-0F10-4B40-8FF6-EAA7F9A9A749}"
EndProject
Project("{FAE04EC0-301F-11D3-BF4B-00C04F79EFBC}") = "MKGo.Droid", "MKGo\MKGo.Droid\MKGo.Droid.csproj", "{71B69D07-9059-4E7E-BEF0-500CCFFA5F75}"
EndProject
Project("{FAE04EC0-301F-11D3-BF4B-00C04F79EFBC}") = "MKGo.iOS", "MKGo\MKGo.iOS\MKGo.iOS.csproj", "{056AF279-2930-4651-8A17-E7DFF818DB49}"
EndProject
Project("{FAE04EC0-301F-11D3-BF4B-00C04F79EFBC}") = "MKGo.UWP", "MKGo\MKGo.UWP\MKGo.UWP.csproj", "{C38827C5-4E88-493F-A4FB-95085A53D68C}"
EndProject
Global
	GlobalSection(SolutionConfigurationPlatforms) = preSolution
		Ad-Hoc|Any CPU = Ad-Hoc|Any CPU
		Ad-Hoc|ARM = Ad-Hoc|ARM
		Ad-Hoc|iPhone = Ad-Hoc|iPhone
		Ad-Hoc|iPhoneSimulator = Ad-Hoc|iPhoneSimulator
		Ad-Hoc|x64 = Ad-Hoc|x64
		Ad-Hoc|x86 = Ad-Hoc|x86
		AppStore|Any CPU = AppStore|Any CPU
		AppStore|ARM = AppStore|ARM
		AppStore|iPhone = AppStore|iPhone
		AppStore|iPhoneSimulator = AppStore|iPhoneSimulator
		AppStore|x64 = AppStore|x64
		AppStore|x86 = AppStore|x86
		Debug|Any CPU = Debug|Any CPU
		Debug|ARM = Debug|ARM
		Debug|iPhone = Debug|iPhone
		Debug|iPhoneSimulator = Debug|iPhoneSimulator
		Debug|x64 = Debug|x64
		Debug|x86 = Debug|x86
		Release|Any CPU = Release|Any CPU
		Release|ARM = Release|ARM
		Release|iPhone = Release|iPhone
		Release|iPhoneSimulator = Release|iPhoneSimulator
		Release|x64 = Release|x64
		Release|x86 = Release|x86
	EndGlobalSection
	GlobalSection(ProjectConfigurationPlatforms) = postSolution
		{33802C7A-0F10-4B40-8FF6-EAA7F9A9A749}.Ad-Hoc|Any CPU.ActiveCfg = Release|Any CPU
		{33802C7A-0F10-4B40-8FF6-EAA7F9A9A749}.Ad-Hoc|Any CPU.Build.0 = Release|Any CPU
		{33802C7A-0F10-4B40-8FF6-EAA7F9A9A749}.Ad-Hoc|ARM.ActiveCfg = Debug|Any CPU
		{33802C7A-0F10-4B40-8FF6-EAA7F9A9A749}.Ad-Hoc|ARM.Build.0 = Debug|Any CPU
		{33802C7A-0F10-4B40-8FF6-EAA7F9A9A749}.Ad-Hoc|iPhone.ActiveCfg = Release|Any CPU
		{33802C7A-0F10-4B40-8FF6-EAA7F9A9A749}.Ad-Hoc|iPhone.Build.0 = Release|Any CPU
		{33802C7A-0F10-4B40-8FF6-EAA7F9A9A749}.Ad-Hoc|iPhoneSimulator.ActiveCfg = Release|Any CPU
		{33802C7A-0F10-4B40-8FF6-EAA7F9A9A749}.Ad-Hoc|iPhoneSimulator.Build.0 = Release|Any CPU
		{33802C7A-0F10-4B40-8FF6-EAA7F9A9A749}.Ad-Hoc|x64.ActiveCfg = Debug|Any CPU
		{33802C7A-0F10-4B40-8FF6-EAA7F9A9A749}.Ad-Hoc|x64.Build.0 = Debug|Any CPU
		{33802C7A-0F10-4B40-8FF6-EAA7F9A9A749}.Ad-Hoc|x86.ActiveCfg = Debug|Any CPU
		{33802C7A-0F10-4B40-8FF6-EAA7F9A9A749}.Ad-Hoc|x86.Build.0 = Debug|Any CPU
		{33802C7A-0F10-4B40-8FF6-EAA7F9A9A749}.AppStore|Any CPU.ActiveCfg = Release|Any CPU
		{33802C7A-0F10-4B40-8FF6-EAA7F9A9A749}.AppStore|Any CPU.Build.0 = Release|Any CPU
		{33802C7A-0F10-4B40-8FF6-EAA7F9A9A749}.AppStore|ARM.ActiveCfg = Debug|Any CPU
		{33802C7A-0F10-4B40-8FF6-EAA7F9A9A749}.AppStore|ARM.Build.0 = Debug|Any CPU
		{33802C7A-0F10-4B40-8FF6-EAA7F9A9A749}.AppStore|iPhone.ActiveCfg = Release|Any CPU
		{33802C7A-0F10-4B40-8FF6-EAA7F9A9A749}.AppStore|iPhone.Build.0 = Release|Any CPU
		{33802C7A-0F10-4B40-8FF6-EAA7F9A9A749}.AppStore|iPhoneSimulator.ActiveCfg = Release|Any CPU
		{33802C7A-0F10-4B40-8FF6-EAA7F9A9A749}.AppStore|iPhoneSimulator.Build.0 = Release|Any CPU
		{33802C7A-0F10-4B40-8FF6-EAA7F9A9A749}.AppStore|x64.ActiveCfg = Debug|Any CPU
		{33802C7A-0F10-4B40-8FF6-EAA7F9A9A749}.AppStore|x64.Build.0 = Debug|Any CPU
		{33802C7A-0F10-4B40-8FF6-EAA7F9A9A749}.AppStore|x86.ActiveCfg = Debug|Any CPU
		{33802C7A-0F10-4B40-8FF6-EAA7F9A9A749}.AppStore|x86.Build.0 = Debug|Any CPU
		{33802C7A-0F10-4B40-8FF6-EAA7F9A9A749}.Debug|Any CPU.ActiveCfg = Debug|Any CPU
		{33802C7A-0F10-4B40-8FF6-EAA7F9A9A749}.Debug|Any CPU.Build.0 = Debug|Any CPU
		{33802C7A-0F10-4B40-8FF6-EAA7F9A9A749}.Debug|ARM.ActiveCfg = Debug|Any CPU
		{33802C7A-0F10-4B40-8FF6-EAA7F9A9A749}.Debug|ARM.Build.0 = Debug|Any CPU
		{33802C7A-0F10-4B40-8FF6-EAA7F9A9A749}.Debug|iPhone.ActiveCfg = Debug|Any CPU
		{33802C7A-0F10-4B40-8FF6-EAA7F9A9A749}.Debug|iPhone.Build.0 = Debug|Any CPU
		{33802C7A-0F10-4B40-8FF6-EAA7F9A9A749}.Debug|iPhoneSimulator.ActiveCfg = Debug|Any CPU
		{33802C7A-0F10-4B40-8FF6-EAA7F9A9A749}.Debug|iPhoneSimulator.Build.0 = Debug|Any CPU
		{33802C7A-0F10-4B40-8FF6-EAA7F9A9A749}.Debug|x64.ActiveCfg = Debug|Any CPU
		{33802C7A-0F10-4B40-8FF6-EAA7F9A9A749}.Debug|x64.Build.0 = Debug|Any CPU
		{33802C7A-0F10-4B40-8FF6-EAA7F9A9A749}.Debug|x86.ActiveCfg = Debug|Any CPU
		{33802C7A-0F10-4B40-8FF6-EAA7F9A9A749}.Debug|x86.Build.0 = Debug|Any CPU
		{33802C7A-0F10-4B40-8FF6-EAA7F9A9A749}.Release|Any CPU.ActiveCfg = Release|Any CPU
		{33802C7A-0F10-4B40-8FF6-EAA7F9A9A749}.Release|Any CPU.Build.0 = Release|Any CPU
		{33802C7A-0F10-4B40-8FF6-EAA7F9A9A749}.Release|ARM.ActiveCfg = Release|Any CPU
		{33802C7A-0F10-4B40-8FF6-EAA7F9A9A749}.Release|ARM.Build.0 = Release|Any CPU
		{33802C7A-0F10-4B40-8FF6-EAA7F9A9A749}.Release|iPhone.ActiveCfg = Release|Any CPU
		{33802C7A-0F10-4B40-8FF6-EAA7F9A9A749}.Release|iPhone.Build.0 = Release|Any CPU
		{33802C7A-0F10-4B40-8FF6-EAA7F9A9A749}.Release|iPhoneSimulator.ActiveCfg = Release|Any CPU
		{33802C7A-0F10-4B40-8FF6-EAA7F9A9A749}.Release|iPhoneSimulator.Build.0 = Release|Any CPU
		{33802C7A-0F10-4B40-8FF6-EAA7F9A9A749}.Release|x64.ActiveCfg = Release|Any CPU
		{33802C7A-0F10-4B40-8FF6-EAA7F9A9A749}.Release|x64.Build.0 = Release|Any CPU
		{33802C7A-0F10-4B40-8FF6-EAA7F9A9A749}.Release|x86.ActiveCfg = Release|Any CPU
		{33802C7A-0F10-4B40-8FF6-EAA7F9A9A749}.Release|x86.Build.0 = Release|Any CPU
		{71B69D07-9059-4E7E-BEF0-500CCFFA5F75}.Ad-Hoc|Any CPU.ActiveCfg = Release|Any CPU
		{71B69D07-9059-4E7E-BEF0-500CCFFA5F75}.Ad-Hoc|Any CPU.Build.0 = Release|Any CPU
		{71B69D07-9059-4E7E-BEF0-500CCFFA5F75}.Ad-Hoc|Any CPU.Deploy.0 = Release|Any CPU
		{71B69D07-9059-4E7E-BEF0-500CCFFA5F75}.Ad-Hoc|ARM.ActiveCfg = Debug|Any CPU
		{71B69D07-9059-4E7E-BEF0-500CCFFA5F75}.Ad-Hoc|ARM.Build.0 = Debug|Any CPU
		{71B69D07-9059-4E7E-BEF0-500CCFFA5F75}.Ad-Hoc|ARM.Deploy.0 = Debug|Any CPU
		{71B69D07-9059-4E7E-BEF0-500CCFFA5F75}.Ad-Hoc|iPhone.ActiveCfg = Release|Any CPU
		{71B69D07-9059-4E7E-BEF0-500CCFFA5F75}.Ad-Hoc|iPhone.Build.0 = Release|Any CPU
		{71B69D07-9059-4E7E-BEF0-500CCFFA5F75}.Ad-Hoc|iPhone.Deploy.0 = Release|Any CPU
		{71B69D07-9059-4E7E-BEF0-500CCFFA5F75}.Ad-Hoc|iPhoneSimulator.ActiveCfg = Release|Any CPU
		{71B69D07-9059-4E7E-BEF0-500CCFFA5F75}.Ad-Hoc|iPhoneSimulator.Build.0 = Release|Any CPU
		{71B69D07-9059-4E7E-BEF0-500CCFFA5F75}.Ad-Hoc|iPhoneSimulator.Deploy.0 = Release|Any CPU
		{71B69D07-9059-4E7E-BEF0-500CCFFA5F75}.Ad-Hoc|x64.ActiveCfg = Debug|Any CPU
		{71B69D07-9059-4E7E-BEF0-500CCFFA5F75}.Ad-Hoc|x64.Build.0 = Debug|Any CPU
		{71B69D07-9059-4E7E-BEF0-500CCFFA5F75}.Ad-Hoc|x64.Deploy.0 = Debug|Any CPU
		{71B69D07-9059-4E7E-BEF0-500CCFFA5F75}.Ad-Hoc|x86.ActiveCfg = Debug|Any CPU
		{71B69D07-9059-4E7E-BEF0-500CCFFA5F75}.Ad-Hoc|x86.Build.0 = Debug|Any CPU
		{71B69D07-9059-4E7E-BEF0-500CCFFA5F75}.Ad-Hoc|x86.Deploy.0 = Debug|Any CPU
		{71B69D07-9059-4E7E-BEF0-500CCFFA5F75}.AppStore|Any CPU.ActiveCfg = Release|Any CPU
		{71B69D07-9059-4E7E-BEF0-500CCFFA5F75}.AppStore|Any CPU.Build.0 = Release|Any CPU
		{71B69D07-9059-4E7E-BEF0-500CCFFA5F75}.AppStore|Any CPU.Deploy.0 = Release|Any CPU
		{71B69D07-9059-4E7E-BEF0-500CCFFA5F75}.AppStore|ARM.ActiveCfg = Debug|Any CPU
		{71B69D07-9059-4E7E-BEF0-500CCFFA5F75}.AppStore|ARM.Build.0 = Debug|Any CPU
		{71B69D07-9059-4E7E-BEF0-500CCFFA5F75}.AppStore|ARM.Deploy.0 = Debug|Any CPU
		{71B69D07-9059-4E7E-BEF0-500CCFFA5F75}.AppStore|iPhone.ActiveCfg = Release|Any CPU
		{71B69D07-9059-4E7E-BEF0-500CCFFA5F75}.AppStore|iPhone.Build.0 = Release|Any CPU
		{71B69D07-9059-4E7E-BEF0-500CCFFA5F75}.AppStore|iPhone.Deploy.0 = Release|Any CPU
		{71B69D07-9059-4E7E-BEF0-500CCFFA5F75}.AppStore|iPhoneSimulator.ActiveCfg = Release|Any CPU
		{71B69D07-9059-4E7E-BEF0-500CCFFA5F75}.AppStore|iPhoneSimulator.Build.0 = Release|Any CPU
		{71B69D07-9059-4E7E-BEF0-500CCFFA5F75}.AppStore|iPhoneSimulator.Deploy.0 = Release|Any CPU
		{71B69D07-9059-4E7E-BEF0-500CCFFA5F75}.AppStore|x64.ActiveCfg = Debug|Any CPU
		{71B69D07-9059-4E7E-BEF0-500CCFFA5F75}.AppStore|x64.Build.0 = Debug|Any CPU
		{71B69D07-9059-4E7E-BEF0-500CCFFA5F75}.AppStore|x64.Deploy.0 = Debug|Any CPU
		{71B69D07-9059-4E7E-BEF0-500CCFFA5F75}.AppStore|x86.ActiveCfg = Debug|Any CPU
		{71B69D07-9059-4E7E-BEF0-500CCFFA5F75}.AppStore|x86.Build.0 = Debug|Any CPU
		{71B69D07-9059-4E7E-BEF0-500CCFFA5F75}.AppStore|x86.Deploy.0 = Debug|Any CPU
		{71B69D07-9059-4E7E-BEF0-500CCFFA5F75}.Debug|Any CPU.ActiveCfg = Debug|Any CPU
		{71B69D07-9059-4E7E-BEF0-500CCFFA5F75}.Debug|Any CPU.Build.0 = Debug|Any CPU
		{71B69D07-9059-4E7E-BEF0-500CCFFA5F75}.Debug|Any CPU.Deploy.0 = Debug|Any CPU
		{71B69D07-9059-4E7E-BEF0-500CCFFA5F75}.Debug|ARM.ActiveCfg = Debug|Any CPU
		{71B69D07-9059-4E7E-BEF0-500CCFFA5F75}.Debug|ARM.Build.0 = Debug|Any CPU
		{71B69D07-9059-4E7E-BEF0-500CCFFA5F75}.Debug|ARM.Deploy.0 = Debug|Any CPU
		{71B69D07-9059-4E7E-BEF0-500CCFFA5F75}.Debug|iPhone.ActiveCfg = Debug|Any CPU
		{71B69D07-9059-4E7E-BEF0-500CCFFA5F75}.Debug|iPhone.Build.0 = Debug|Any CPU
		{71B69D07-9059-4E7E-BEF0-500CCFFA5F75}.Debug|iPhone.Deploy.0 = Debug|Any CPU
		{71B69D07-9059-4E7E-BEF0-500CCFFA5F75}.Debug|iPhoneSimulator.ActiveCfg = Debug|Any CPU
		{71B69D07-9059-4E7E-BEF0-500CCFFA5F75}.Debug|iPhoneSimulator.Build.0 = Debug|Any CPU
		{71B69D07-9059-4E7E-BEF0-500CCFFA5F75}.Debug|iPhoneSimulator.Deploy.0 = Debug|Any CPU
		{71B69D07-9059-4E7E-BEF0-500CCFFA5F75}.Debug|x64.ActiveCfg = Debug|Any CPU
		{71B69D07-9059-4E7E-BEF0-500CCFFA5F75}.Debug|x64.Build.0 = Debug|Any CPU
		{71B69D07-9059-4E7E-BEF0-500CCFFA5F75}.Debug|x64.Deploy.0 = Debug|Any CPU
		{71B69D07-9059-4E7E-BEF0-500CCFFA5F75}.Debug|x86.ActiveCfg = Debug|Any CPU
		{71B69D07-9059-4E7E-BEF0-500CCFFA5F75}.Debug|x86.Build.0 = Debug|Any CPU
		{71B69D07-9059-4E7E-BEF0-500CCFFA5F75}.Debug|x86.Deploy.0 = Debug|Any CPU
		{71B69D07-9059-4E7E-BEF0-500CCFFA5F75}.Release|Any CPU.ActiveCfg = Release|Any CPU
		{71B69D07-9059-4E7E-BEF0-500CCFFA5F75}.Release|Any CPU.Build.0 = Release|Any CPU
		{71B69D07-9059-4E7E-BEF0-500CCFFA5F75}.Release|Any CPU.Deploy.0 = Release|Any CPU
		{71B69D07-9059-4E7E-BEF0-500CCFFA5F75}.Release|ARM.ActiveCfg = Release|Any CPU
		{71B69D07-9059-4E7E-BEF0-500CCFFA5F75}.Release|ARM.Build.0 = Release|Any CPU
		{71B69D07-9059-4E7E-BEF0-500CCFFA5F75}.Release|ARM.Deploy.0 = Release|Any CPU
		{71B69D07-9059-4E7E-BEF0-500CCFFA5F75}.Release|iPhone.ActiveCfg = Release|Any CPU
		{71B69D07-9059-4E7E-BEF0-500CCFFA5F75}.Release|iPhone.Build.0 = Release|Any CPU
		{71B69D07-9059-4E7E-BEF0-500CCFFA5F75}.Release|iPhone.Deploy.0 = Release|Any CPU
		{71B69D07-9059-4E7E-BEF0-500CCFFA5F75}.Release|iPhoneSimulator.ActiveCfg = Release|Any CPU
		{71B69D07-9059-4E7E-BEF0-500CCFFA5F75}.Release|iPhoneSimulator.Build.0 = Release|Any CPU
		{71B69D07-9059-4E7E-BEF0-500CCFFA5F75}.Release|iPhoneSimulator.Deploy.0 = Release|Any CPU
		{71B69D07-9059-4E7E-BEF0-500CCFFA5F75}.Release|x64.ActiveCfg = Release|Any CPU
		{71B69D07-9059-4E7E-BEF0-500CCFFA5F75}.Release|x64.Build.0 = Release|Any CPU
		{71B69D07-9059-4E7E-BEF0-500CCFFA5F75}.Release|x64.Deploy.0 = Release|Any CPU
		{71B69D07-9059-4E7E-BEF0-500CCFFA5F75}.Release|x86.ActiveCfg = Release|Any CPU
		{71B69D07-9059-4E7E-BEF0-500CCFFA5F75}.Release|x86.Build.0 = Release|Any CPU
		{71B69D07-9059-4E7E-BEF0-500CCFFA5F75}.Release|x86.Deploy.0 = Release|Any CPU
		{056AF279-2930-4651-8A17-E7DFF818DB49}.Ad-Hoc|Any CPU.ActiveCfg = Ad-Hoc|iPhone
		{056AF279-2930-4651-8A17-E7DFF818DB49}.Ad-Hoc|ARM.ActiveCfg = Ad-Hoc|iPhoneSimulator
		{056AF279-2930-4651-8A17-E7DFF818DB49}.Ad-Hoc|iPhone.ActiveCfg = Ad-Hoc|iPhone
		{056AF279-2930-4651-8A17-E7DFF818DB49}.Ad-Hoc|iPhone.Build.0 = Ad-Hoc|iPhone
		{056AF279-2930-4651-8A17-E7DFF818DB49}.Ad-Hoc|iPhoneSimulator.ActiveCfg = Ad-Hoc|iPhoneSimulator
		{056AF279-2930-4651-8A17-E7DFF818DB49}.Ad-Hoc|iPhoneSimulator.Build.0 = Ad-Hoc|iPhoneSimulator
		{056AF279-2930-4651-8A17-E7DFF818DB49}.Ad-Hoc|x64.ActiveCfg = Ad-Hoc|iPhoneSimulator
		{056AF279-2930-4651-8A17-E7DFF818DB49}.Ad-Hoc|x86.ActiveCfg = Ad-Hoc|iPhoneSimulator
		{056AF279-2930-4651-8A17-E7DFF818DB49}.AppStore|Any CPU.ActiveCfg = AppStore|iPhone
		{056AF279-2930-4651-8A17-E7DFF818DB49}.AppStore|ARM.ActiveCfg = AppStore|iPhoneSimulator
		{056AF279-2930-4651-8A17-E7DFF818DB49}.AppStore|iPhone.ActiveCfg = AppStore|iPhone
		{056AF279-2930-4651-8A17-E7DFF818DB49}.AppStore|iPhone.Build.0 = AppStore|iPhone
		{056AF279-2930-4651-8A17-E7DFF818DB49}.AppStore|iPhoneSimulator.ActiveCfg = AppStore|iPhoneSimulator
		{056AF279-2930-4651-8A17-E7DFF818DB49}.AppStore|iPhoneSimulator.Build.0 = AppStore|iPhoneSimulator
		{056AF279-2930-4651-8A17-E7DFF818DB49}.AppStore|x64.ActiveCfg = AppStore|iPhoneSimulator
		{056AF279-2930-4651-8A17-E7DFF818DB49}.AppStore|x86.ActiveCfg = AppStore|iPhoneSimulator
		{056AF279-2930-4651-8A17-E7DFF818DB49}.Debug|Any CPU.ActiveCfg = Debug|iPhone
		{056AF279-2930-4651-8A17-E7DFF818DB49}.Debug|ARM.ActiveCfg = Debug|iPhoneSimulator
		{056AF279-2930-4651-8A17-E7DFF818DB49}.Debug|iPhone.ActiveCfg = Debug|iPhone
		{056AF279-2930-4651-8A17-E7DFF818DB49}.Debug|iPhone.Build.0 = Debug|iPhone
		{056AF279-2930-4651-8A17-E7DFF818DB49}.Debug|iPhoneSimulator.ActiveCfg = Debug|iPhoneSimulator
		{056AF279-2930-4651-8A17-E7DFF818DB49}.Debug|iPhoneSimulator.Build.0 = Debug|iPhoneSimulator
		{056AF279-2930-4651-8A17-E7DFF818DB49}.Debug|x64.ActiveCfg = Debug|iPhoneSimulator
		{056AF279-2930-4651-8A17-E7DFF818DB49}.Debug|x86.ActiveCfg = Debug|iPhoneSimulator
		{056AF279-2930-4651-8A17-E7DFF818DB49}.Release|Any CPU.ActiveCfg = Release|iPhone
		{056AF279-2930-4651-8A17-E7DFF818DB49}.Release|ARM.ActiveCfg = Release|iPhoneSimulator
		{056AF279-2930-4651-8A17-E7DFF818DB49}.Release|iPhone.ActiveCfg = Release|iPhone
		{056AF279-2930-4651-8A17-E7DFF818DB49}.Release|iPhone.Build.0 = Release|iPhone
		{056AF279-2930-4651-8A17-E7DFF818DB49}.Release|iPhoneSimulator.ActiveCfg = Release|iPhoneSimulator
		{056AF279-2930-4651-8A17-E7DFF818DB49}.Release|iPhoneSimulator.Build.0 = Release|iPhoneSimulator
		{056AF279-2930-4651-8A17-E7DFF818DB49}.Release|x64.ActiveCfg = Release|iPhoneSimulator
		{056AF279-2930-4651-8A17-E7DFF818DB49}.Release|x86.ActiveCfg = Release|iPhoneSimulator
		{C38827C5-4E88-493F-A4FB-95085A53D68C}.Ad-Hoc|Any CPU.ActiveCfg = Release|x86
		{C38827C5-4E88-493F-A4FB-95085A53D68C}.Ad-Hoc|Any CPU.Build.0 = Release|x86
		{C38827C5-4E88-493F-A4FB-95085A53D68C}.Ad-Hoc|Any CPU.Deploy.0 = Release|x86
		{C38827C5-4E88-493F-A4FB-95085A53D68C}.Ad-Hoc|ARM.ActiveCfg = Release|ARM
		{C38827C5-4E88-493F-A4FB-95085A53D68C}.Ad-Hoc|ARM.Build.0 = Release|ARM
		{C38827C5-4E88-493F-A4FB-95085A53D68C}.Ad-Hoc|ARM.Deploy.0 = Release|ARM
		{C38827C5-4E88-493F-A4FB-95085A53D68C}.Ad-Hoc|iPhone.ActiveCfg = Release|x86
		{C38827C5-4E88-493F-A4FB-95085A53D68C}.Ad-Hoc|iPhone.Build.0 = Release|x86
		{C38827C5-4E88-493F-A4FB-95085A53D68C}.Ad-Hoc|iPhone.Deploy.0 = Release|x86
		{C38827C5-4E88-493F-A4FB-95085A53D68C}.Ad-Hoc|iPhoneSimulator.ActiveCfg = Release|x86
		{C38827C5-4E88-493F-A4FB-95085A53D68C}.Ad-Hoc|iPhoneSimulator.Build.0 = Release|x86
		{C38827C5-4E88-493F-A4FB-95085A53D68C}.Ad-Hoc|iPhoneSimulator.Deploy.0 = Release|x86
		{C38827C5-4E88-493F-A4FB-95085A53D68C}.Ad-Hoc|x64.ActiveCfg = Release|x64
		{C38827C5-4E88-493F-A4FB-95085A53D68C}.Ad-Hoc|x64.Build.0 = Release|x64
		{C38827C5-4E88-493F-A4FB-95085A53D68C}.Ad-Hoc|x64.Deploy.0 = Release|x64
		{C38827C5-4E88-493F-A4FB-95085A53D68C}.Ad-Hoc|x86.ActiveCfg = Release|x86
		{C38827C5-4E88-493F-A4FB-95085A53D68C}.Ad-Hoc|x86.Build.0 = Release|x86
		{C38827C5-4E88-493F-A4FB-95085A53D68C}.Ad-Hoc|x86.Deploy.0 = Release|x86
		{C38827C5-4E88-493F-A4FB-95085A53D68C}.AppStore|Any CPU.ActiveCfg = Release|x86
		{C38827C5-4E88-493F-A4FB-95085A53D68C}.AppStore|Any CPU.Build.0 = Release|x86
		{C38827C5-4E88-493F-A4FB-95085A53D68C}.AppStore|Any CPU.Deploy.0 = Release|x86
		{C38827C5-4E88-493F-A4FB-95085A53D68C}.AppStore|ARM.ActiveCfg = Release|ARM
		{C38827C5-4E88-493F-A4FB-95085A53D68C}.AppStore|ARM.Build.0 = Release|ARM
		{C38827C5-4E88-493F-A4FB-95085A53D68C}.AppStore|ARM.Deploy.0 = Release|ARM
		{C38827C5-4E88-493F-A4FB-95085A53D68C}.AppStore|iPhone.ActiveCfg = Release|x86
		{C38827C5-4E88-493F-A4FB-95085A53D68C}.AppStore|iPhone.Build.0 = Release|x86
		{C38827C5-4E88-493F-A4FB-95085A53D68C}.AppStore|iPhone.Deploy.0 = Release|x86
		{C38827C5-4E88-493F-A4FB-95085A53D68C}.AppStore|iPhoneSimulator.ActiveCfg = Release|x86
		{C38827C5-4E88-493F-A4FB-95085A53D68C}.AppStore|iPhoneSimulator.Build.0 = Release|x86
		{C38827C5-4E88-493F-A4FB-95085A53D68C}.AppStore|iPhoneSimulator.Deploy.0 = Release|x86
		{C38827C5-4E88-493F-A4FB-95085A53D68C}.AppStore|x64.ActiveCfg = Release|x64
		{C38827C5-4E88-493F-A4FB-95085A53D68C}.AppStore|x64.Build.0 = Release|x64
		{C38827C5-4E88-493F-A4FB-95085A53D68C}.AppStore|x64.Deploy.0 = Release|x64
		{C38827C5-4E88-493F-A4FB-95085A53D68C}.AppStore|x86.ActiveCfg = Release|x86
		{C38827C5-4E88-493F-A4FB-95085A53D68C}.AppStore|x86.Build.0 = Release|x86
		{C38827C5-4E88-493F-A4FB-95085A53D68C}.AppStore|x86.Deploy.0 = Release|x86
		{C38827C5-4E88-493F-A4FB-95085A53D68C}.Debug|Any CPU.ActiveCfg = Debug|x86
		{C38827C5-4E88-493F-A4FB-95085A53D68C}.Debug|ARM.ActiveCfg = Debug|ARM
		{C38827C5-4E88-493F-A4FB-95085A53D68C}.Debug|ARM.Build.0 = Debug|ARM
		{C38827C5-4E88-493F-A4FB-95085A53D68C}.Debug|ARM.Deploy.0 = Debug|ARM
		{C38827C5-4E88-493F-A4FB-95085A53D68C}.Debug|iPhone.ActiveCfg = Debug|x86
		{C38827C5-4E88-493F-A4FB-95085A53D68C}.Debug|iPhoneSimulator.ActiveCfg = Debug|x86
		{C38827C5-4E88-493F-A4FB-95085A53D68C}.Debug|x64.ActiveCfg = Debug|x64
		{C38827C5-4E88-493F-A4FB-95085A53D68C}.Debug|x64.Build.0 = Debug|x64
		{C38827C5-4E88-493F-A4FB-95085A53D68C}.Debug|x64.Deploy.0 = Debug|x64
		{C38827C5-4E88-493F-A4FB-95085A53D68C}.Debug|x86.ActiveCfg = Debug|x86
		{C38827C5-4E88-493F-A4FB-95085A53D68C}.Debug|x86.Build.0 = Debug|x86
		{C38827C5-4E88-493F-A4FB-95085A53D68C}.Debug|x86.Deploy.0 = Debug|x86
		{C38827C5-4E88-493F-A4FB-95085A53D68C}.Release|Any CPU.ActiveCfg = Release|x86
		{C38827C5-4E88-493F-A4FB-95085A53D68C}.Release|ARM.ActiveCfg = Release|ARM
		{C38827C5-4E88-493F-A4FB-95085A53D68C}.Release|ARM.Build.0 = Release|ARM
		{C38827C5-4E88-493F-A4FB-95085A53D68C}.Release|ARM.Deploy.0 = Release|ARM
		{C38827C5-4E88-493F-A4FB-95085A53D68C}.Release|iPhone.ActiveCfg = Release|x86
		{C38827C5-4E88-493F-A4FB-95085A53D68C}.Release|iPhoneSimulator.ActiveCfg = Release|x86
		{C38827C5-4E88-493F-A4FB-95085A53D68C}.Release|x64.ActiveCfg = Release|x64
		{C38827C5-4E88-493F-A4FB-95085A53D68C}.Release|x64.Build.0 = Release|x64
		{C38827C5-4E88-493F-A4FB-95085A53D68C}.Release|x64.Deploy.0 = Release|x64
		{C38827C5-4E88-493F-A4FB-95085A53D68C}.Release|x86.ActiveCfg = Release|x86
		{C38827C5-4E88-493F-A4FB-95085A53D68C}.Release|x86.Build.0 = Release|x86
		{C38827C5-4E88-493F-A4FB-95085A53D68C}.Release|x86.Deploy.0 = Release|x86
	EndGlobalSection
	GlobalSection(SolutionProperties) = preSolution
		HideSolutionNode = FALSE
	EndGlobalSection
EndGlobal
